// !$*UTF8*$!
{
	archiveVersion = 1;
	classes = {
	};
	objectVersion = 50;
	objects = {

/* Begin PBXBuildFile section */
		51D2B59C39140F7C124BCA9D /* libPods-fmNetworkDemo.a in Frameworks */ = {isa = PBXBuildFile; fileRef = 59C33C2D0EC54A650B994CD5 /* libPods-fmNetworkDemo.a */; };
		A6C7C93F2124279D00525A6E /* AppDelegate.m in Sources */ = {isa = PBXBuildFile; fileRef = A6C7C93E2124279D00525A6E /* AppDelegate.m */; };
		A6C7C9422124279D00525A6E /* ViewController.m in Sources */ = {isa = PBXBuildFile; fileRef = A6C7C9412124279D00525A6E /* ViewController.m */; };
		A6C7C9452124279D00525A6E /* Main.storyboard in Resources */ = {isa = PBXBuildFile; fileRef = A6C7C9432124279D00525A6E /* Main.storyboard */; };
		A6C7C9472124279E00525A6E /* Assets.xcassets in Resources */ = {isa = PBXBuildFile; fileRef = A6C7C9462124279E00525A6E /* Assets.xcassets */; };
		A6C7C94A2124279E00525A6E /* LaunchScreen.storyboard in Resources */ = {isa = PBXBuildFile; fileRef = A6C7C9482124279E00525A6E /* LaunchScreen.storyboard */; };
		A6C7C94D2124279E00525A6E /* main.m in Sources */ = {isa = PBXBuildFile; fileRef = A6C7C94C2124279E00525A6E /* main.m */; };
		A6C7C97E212427AC00525A6E /* fmNetworkPrivate.m in Sources */ = {isa = PBXBuildFile; fileRef = A6C7C970212427AC00525A6E /* fmNetworkPrivate.m */; };
		A6C7C97F212427AC00525A6E /* fmReqeustSerializer.m in Sources */ = {isa = PBXBuildFile; fileRef = A6C7C971212427AC00525A6E /* fmReqeustSerializer.m */; };
		A6C7C980212427AC00525A6E /* fmNetworkAgent.m in Sources */ = {isa = PBXBuildFile; fileRef = A6C7C972212427AC00525A6E /* fmNetworkAgent.m */; };
		A6C7C981212427AC00525A6E /* fmBaseRequest.m in Sources */ = {isa = PBXBuildFile; fileRef = A6C7C973212427AC00525A6E /* fmBaseRequest.m */; };
		A6C7C982212427AC00525A6E /* fmRequest.m in Sources */ = {isa = PBXBuildFile; fileRef = A6C7C974212427AC00525A6E /* fmRequest.m */; };
		A6C7C983212427AC00525A6E /* fmNetworkConfig.m in Sources */ = {isa = PBXBuildFile; fileRef = A6C7C975212427AC00525A6E /* fmNetworkConfig.m */; };
		A6C7C987212428DD00525A6E /* fmResponseSerializer.m in Sources */ = {isa = PBXBuildFile; fileRef = A6C7C986212428DD00525A6E /* fmResponseSerializer.m */; };
/* End PBXBuildFile section */

/* Begin PBXContainerItemProxy section */
		A6C7C9532124279E00525A6E /* PBXContainerItemProxy */ = {
			isa = PBXContainerItemProxy;
			containerPortal = A6C7C9322124279D00525A6E /* Project object */;
			proxyType = 1;
			remoteGlobalIDString = A6C7C9392124279D00525A6E;
			remoteInfo = fmNetworkDemo;
		};
		A6C7C95E2124279E00525A6E /* PBXContainerItemProxy */ = {
			isa = PBXContainerItemProxy;
			containerPortal = A6C7C9322124279D00525A6E /* Project object */;
			proxyType = 1;
			remoteGlobalIDString = A6C7C9392124279D00525A6E;
			remoteInfo = fmNetworkDemo;
		};
/* End PBXContainerItemProxy section */

/* Begin PBXFileReference section */
		59C33C2D0EC54A650B994CD5 /* libPods-fmNetworkDemo.a */ = {isa = PBXFileReference; explicitFileType = archive.ar; includeInIndex = 0; path = "libPods-fmNetworkDemo.a"; sourceTree = BUILT_PRODUCTS_DIR; };
		6C3A3C58CB2837B75F15FF5B /* Pods-fmNetworkDemo.release.xcconfig */ = {isa = PBXFileReference; includeInIndex = 1; lastKnownFileType = text.xcconfig; name = "Pods-fmNetworkDemo.release.xcconfig"; path = "Pods/Target Support Files/Pods-fmNetworkDemo/Pods-fmNetworkDemo.release.xcconfig"; sourceTree = "<group>"; };
		A6C7C93A2124279D00525A6E /* fmNetworkDemo.app */ = {isa = PBXFileReference; explicitFileType = wrapper.application; includeInIndex = 0; path = fmNetworkDemo.app; sourceTree = BUILT_PRODUCTS_DIR; };
		A6C7C93D2124279D00525A6E /* AppDelegate.h */ = {isa = PBXFileReference; lastKnownFileType = sourcecode.c.h; path = AppDelegate.h; sourceTree = "<group>"; };
		A6C7C93E2124279D00525A6E /* AppDelegate.m */ = {isa = PBXFileReference; lastKnownFileType = sourcecode.c.objc; path = AppDelegate.m; sourceTree = "<group>"; };
		A6C7C9402124279D00525A6E /* ViewController.h */ = {isa = PBXFileReference; lastKnownFileType = sourcecode.c.h; path = ViewController.h; sourceTree = "<group>"; };
		A6C7C9412124279D00525A6E /* ViewController.m */ = {isa = PBXFileReference; lastKnownFileType = sourcecode.c.objc; path = ViewController.m; sourceTree = "<group>"; };
		A6C7C9442124279D00525A6E /* Base */ = {isa = PBXFileReference; lastKnownFileType = file.storyboard; name = Base; path = Base.lproj/Main.storyboard; sourceTree = "<group>"; };
		A6C7C9462124279E00525A6E /* Assets.xcassets */ = {isa = PBXFileReference; lastKnownFileType = folder.assetcatalog; path = Assets.xcassets; sourceTree = "<group>"; };
		A6C7C9492124279E00525A6E /* Base */ = {isa = PBXFileReference; lastKnownFileType = file.storyboard; name = Base; path = Base.lproj/LaunchScreen.storyboard; sourceTree = "<group>"; };
		A6C7C94B2124279E00525A6E /* Info.plist */ = {isa = PBXFileReference; lastKnownFileType = text.plist.xml; path = Info.plist; sourceTree = "<group>"; };
		A6C7C94C2124279E00525A6E /* main.m */ = {isa = PBXFileReference; lastKnownFileType = sourcecode.c.objc; path = main.m; sourceTree = "<group>"; };
		A6C7C9522124279E00525A6E /* fmNetworkDemoTests.xctest */ = {isa = PBXFileReference; explicitFileType = wrapper.cfbundle; includeInIndex = 0; path = fmNetworkDemoTests.xctest; sourceTree = BUILT_PRODUCTS_DIR; };
		A6C7C95D2124279E00525A6E /* fmNetworkDemoUITests.xctest */ = {isa = PBXFileReference; explicitFileType = wrapper.cfbundle; includeInIndex = 0; path = fmNetworkDemoUITests.xctest; sourceTree = BUILT_PRODUCTS_DIR; };
		A6C7C970212427AC00525A6E /* fmNetworkPrivate.m */ = {isa = PBXFileReference; fileEncoding = 4; lastKnownFileType = sourcecode.c.objc; path = fmNetworkPrivate.m; sourceTree = "<group>"; };
		A6C7C971212427AC00525A6E /* fmReqeustSerializer.m */ = {isa = PBXFileReference; fileEncoding = 4; lastKnownFileType = sourcecode.c.objc; path = fmReqeustSerializer.m; sourceTree = "<group>"; };
		A6C7C972212427AC00525A6E /* fmNetworkAgent.m */ = {isa = PBXFileReference; fileEncoding = 4; lastKnownFileType = sourcecode.c.objc; path = fmNetworkAgent.m; sourceTree = "<group>"; };
		A6C7C973212427AC00525A6E /* fmBaseRequest.m */ = {isa = PBXFileReference; fileEncoding = 4; lastKnownFileType = sourcecode.c.objc; path = fmBaseRequest.m; sourceTree = "<group>"; };
		A6C7C974212427AC00525A6E /* fmRequest.m */ = {isa = PBXFileReference; fileEncoding = 4; lastKnownFileType = sourcecode.c.objc; path = fmRequest.m; sourceTree = "<group>"; };
		A6C7C975212427AC00525A6E /* fmNetworkConfig.m */ = {isa = PBXFileReference; fileEncoding = 4; lastKnownFileType = sourcecode.c.objc; path = fmNetworkConfig.m; sourceTree = "<group>"; };
		A6C7C977212427AC00525A6E /* fmNetworkAgent.h */ = {isa = PBXFileReference; fileEncoding = 4; lastKnownFileType = sourcecode.c.h; path = fmNetworkAgent.h; sourceTree = "<group>"; };
		A6C7C978212427AC00525A6E /* fmReqeustSerializer.h */ = {isa = PBXFileReference; fileEncoding = 4; lastKnownFileType = sourcecode.c.h; path = fmReqeustSerializer.h; sourceTree = "<group>"; };
		A6C7C979212427AC00525A6E /* fmNetworkPrivate.h */ = {isa = PBXFileReference; fileEncoding = 4; lastKnownFileType = sourcecode.c.h; path = fmNetworkPrivate.h; sourceTree = "<group>"; };
		A6C7C97A212427AC00525A6E /* fmNetworkConfig.h */ = {isa = PBXFileReference; fileEncoding = 4; lastKnownFileType = sourcecode.c.h; path = fmNetworkConfig.h; sourceTree = "<group>"; };
		A6C7C97B212427AC00525A6E /* fmRequest.h */ = {isa = PBXFileReference; fileEncoding = 4; lastKnownFileType = sourcecode.c.h; path = fmRequest.h; sourceTree = "<group>"; };
		A6C7C97C212427AC00525A6E /* fmBaseRequest.h */ = {isa = PBXFileReference; fileEncoding = 4; lastKnownFileType = sourcecode.c.h; path = fmBaseRequest.h; sourceTree = "<group>"; };
		A6C7C985212428DD00525A6E /* fmResponseSerializer.h */ = {isa = PBXFileReference; fileEncoding = 4; lastKnownFileType = sourcecode.c.h; path = fmResponseSerializer.h; sourceTree = "<group>"; };
		A6C7C986212428DD00525A6E /* fmResponseSerializer.m */ = {isa = PBXFileReference; fileEncoding = 4; lastKnownFileType = sourcecode.c.objc; path = fmResponseSerializer.m; sourceTree = "<group>"; };
		EA8F7AF3B9232CF18D9B7289 /* Pods-fmNetworkDemo.debug.xcconfig */ = {isa = PBXFileReference; includeInIndex = 1; lastKnownFileType = text.xcconfig; name = "Pods-fmNetworkDemo.debug.xcconfig"; path = "Pods/Target Support Files/Pods-fmNetworkDemo/Pods-fmNetworkDemo.debug.xcconfig"; sourceTree = "<group>"; };
/* End PBXFileReference section */

/* Begin PBXFrameworksBuildPhase section */
		A6C7C9372124279D00525A6E /* Frameworks */ = {
			isa = PBXFrameworksBuildPhase;
			buildActionMask = 2147483647;
			files = (
				51D2B59C39140F7C124BCA9D /* libPods-fmNetworkDemo.a in Frameworks */,
			);
			runOnlyForDeploymentPostprocessing = 0;
		};
		A6C7C94F2124279E00525A6E /* Frameworks */ = {
			isa = PBXFrameworksBuildPhase;
			buildActionMask = 2147483647;
			files = (
			);
			runOnlyForDeploymentPostprocessing = 0;
		};
		A6C7C95A2124279E00525A6E /* Frameworks */ = {
			isa = PBXFrameworksBuildPhase;
			buildActionMask = 2147483647;
			files = (
			);
			runOnlyForDeploymentPostprocessing = 0;
		};
/* End PBXFrameworksBuildPhase section */

/* Begin PBXGroup section */
		15B052101B7F60B8000ADEA4 /* Pods */ = {
			isa = PBXGroup;
			children = (
				EA8F7AF3B9232CF18D9B7289 /* Pods-fmNetworkDemo.debug.xcconfig */,
				6C3A3C58CB2837B75F15FF5B /* Pods-fmNetworkDemo.release.xcconfig */,
			);
			name = Pods;
			sourceTree = "<group>";
		};
		27CBF917CCD8121B69BEC418 /* Frameworks */ = {
			isa = PBXGroup;
			children = (
				59C33C2D0EC54A650B994CD5 /* libPods-fmNetworkDemo.a */,
			);
			name = Frameworks;
			sourceTree = "<group>";
		};
		A6C7C9312124279D00525A6E = {
			isa = PBXGroup;
			children = (
				A6C7C96F212427AC00525A6E /* fmNetwork */,
				A6C7C93C2124279D00525A6E /* fmNetworkDemo */,
				A6C7C93B2124279D00525A6E /* Products */,
				15B052101B7F60B8000ADEA4 /* Pods */,
				27CBF917CCD8121B69BEC418 /* Frameworks */,
			);
			sourceTree = "<group>";
		};
		A6C7C93B2124279D00525A6E /* Products */ = {
			isa = PBXGroup;
			children = (
				A6C7C93A2124279D00525A6E /* fmNetworkDemo.app */,
				A6C7C9522124279E00525A6E /* fmNetworkDemoTests.xctest */,
				A6C7C95D2124279E00525A6E /* fmNetworkDemoUITests.xctest */,
			);
			name = Products;
			sourceTree = "<group>";
		};
		A6C7C93C2124279D00525A6E /* fmNetworkDemo */ = {
			isa = PBXGroup;
			children = (
				A6C7C93D2124279D00525A6E /* AppDelegate.h */,
				A6C7C93E2124279D00525A6E /* AppDelegate.m */,
				A6C7C9402124279D00525A6E /* ViewController.h */,
				A6C7C9412124279D00525A6E /* ViewController.m */,
				A6C7C9432124279D00525A6E /* Main.storyboard */,
				A6C7C9462124279E00525A6E /* Assets.xcassets */,
				A6C7C9482124279E00525A6E /* LaunchScreen.storyboard */,
				A6C7C94B2124279E00525A6E /* Info.plist */,
				A6C7C94C2124279E00525A6E /* main.m */,
			);
			path = fmNetworkDemo;
			sourceTree = "<group>";
		};
		A6C7C96F212427AC00525A6E /* fmNetwork */ = {
			isa = PBXGroup;
			children = (
				A6C7C979212427AC00525A6E /* fmNetworkPrivate.h */,
				A6C7C970212427AC00525A6E /* fmNetworkPrivate.m */,
				A6C7C978212427AC00525A6E /* fmReqeustSerializer.h */,
				A6C7C971212427AC00525A6E /* fmReqeustSerializer.m */,
				A6C7C977212427AC00525A6E /* fmNetworkAgent.h */,
				A6C7C972212427AC00525A6E /* fmNetworkAgent.m */,
				A6C7C97C212427AC00525A6E /* fmBaseRequest.h */,
				A6C7C973212427AC00525A6E /* fmBaseRequest.m */,
				A6C7C97B212427AC00525A6E /* fmRequest.h */,
				A6C7C974212427AC00525A6E /* fmRequest.m */,
				A6C7C97A212427AC00525A6E /* fmNetworkConfig.h */,
				A6C7C975212427AC00525A6E /* fmNetworkConfig.m */,
				A6C7C985212428DD00525A6E /* fmResponseSerializer.h */,
				A6C7C986212428DD00525A6E /* fmResponseSerializer.m */,
			);
			path = fmNetwork;
			sourceTree = "<group>";
		};
/* End PBXGroup section */

/* Begin PBXNativeTarget section */
		A6C7C9392124279D00525A6E /* fmNetworkDemo */ = {
			isa = PBXNativeTarget;
			buildConfigurationList = A6C7C9662124279E00525A6E /* Build configuration list for PBXNativeTarget "fmNetworkDemo" */;
			buildPhases = (
				788D78A05874E063BA1DF820 /* [CP] Check Pods Manifest.lock */,
				A6C7C9362124279D00525A6E /* Sources */,
				A6C7C9372124279D00525A6E /* Frameworks */,
				A6C7C9382124279D00525A6E /* Resources */,
				A840A62F1BBA90FFBD5B33E7 /* [CP] Embed Pods Frameworks */,
				D32AA69FBAE3A376A6131A9D /* [CP] Copy Pods Resources */,
			);
			buildRules = (
			);
			dependencies = (
			);
			name = fmNetworkDemo;
			productName = fmNetworkDemo;
			productReference = A6C7C93A2124279D00525A6E /* fmNetworkDemo.app */;
			productType = "com.apple.product-type.application";
		};
		A6C7C9512124279E00525A6E /* fmNetworkDemoTests */ = {
			isa = PBXNativeTarget;
			buildConfigurationList = A6C7C9692124279E00525A6E /* Build configuration list for PBXNativeTarget "fmNetworkDemoTests" */;
			buildPhases = (
				A6C7C94E2124279E00525A6E /* Sources */,
				A6C7C94F2124279E00525A6E /* Frameworks */,
				A6C7C9502124279E00525A6E /* Resources */,
			);
			buildRules = (
			);
			dependencies = (
				A6C7C9542124279E00525A6E /* PBXTargetDependency */,
			);
			name = fmNetworkDemoTests;
			productName = fmNetworkDemoTests;
			productReference = A6C7C9522124279E00525A6E /* fmNetworkDemoTests.xctest */;
			productType = "com.apple.product-type.bundle.unit-test";
		};
		A6C7C95C2124279E00525A6E /* fmNetworkDemoUITests */ = {
			isa = PBXNativeTarget;
			buildConfigurationList = A6C7C96C2124279E00525A6E /* Build configuration list for PBXNativeTarget "fmNetworkDemoUITests" */;
			buildPhases = (
				A6C7C9592124279E00525A6E /* Sources */,
				A6C7C95A2124279E00525A6E /* Frameworks */,
				A6C7C95B2124279E00525A6E /* Resources */,
			);
			buildRules = (
			);
			dependencies = (
				A6C7C95F2124279E00525A6E /* PBXTargetDependency */,
			);
			name = fmNetworkDemoUITests;
			productName = fmNetworkDemoUITests;
			productReference = A6C7C95D2124279E00525A6E /* fmNetworkDemoUITests.xctest */;
			productType = "com.apple.product-type.bundle.ui-testing";
		};
/* End PBXNativeTarget section */

/* Begin PBXProject section */
		A6C7C9322124279D00525A6E /* Project object */ = {
			isa = PBXProject;
			attributes = {
				LastUpgradeCheck = 0940;
				ORGANIZATIONNAME = "柯浩然";
				TargetAttributes = {
					A6C7C9392124279D00525A6E = {
						CreatedOnToolsVersion = 9.4.1;
					};
					A6C7C9512124279E00525A6E = {
						CreatedOnToolsVersion = 9.4.1;
						TestTargetID = A6C7C9392124279D00525A6E;
					};
					A6C7C95C2124279E00525A6E = {
						CreatedOnToolsVersion = 9.4.1;
						TestTargetID = A6C7C9392124279D00525A6E;
					};
				};
			};
			buildConfigurationList = A6C7C9352124279D00525A6E /* Build configuration list for PBXProject "fmNetworkDemo" */;
			compatibilityVersion = "Xcode 9.3";
			developmentRegion = en;
			hasScannedForEncodings = 0;
			knownRegions = (
				en,
				Base,
			);
			mainGroup = A6C7C9312124279D00525A6E;
			productRefGroup = A6C7C93B2124279D00525A6E /* Products */;
			projectDirPath = "";
			projectRoot = "";
			targets = (
				A6C7C9392124279D00525A6E /* fmNetworkDemo */,
				A6C7C9512124279E00525A6E /* fmNetworkDemoTests */,
				A6C7C95C2124279E00525A6E /* fmNetworkDemoUITests */,
			);
		};
/* End PBXProject section */

/* Begin PBXResourcesBuildPhase section */
		A6C7C9382124279D00525A6E /* Resources */ = {
			isa = PBXResourcesBuildPhase;
			buildActionMask = 2147483647;
			files = (
				A6C7C94A2124279E00525A6E /* LaunchScreen.storyboard in Resources */,
				A6C7C9472124279E00525A6E /* Assets.xcassets in Resources */,
				A6C7C9452124279D00525A6E /* Main.storyboard in Resources */,
			);
			runOnlyForDeploymentPostprocessing = 0;
		};
		A6C7C9502124279E00525A6E /* Resources */ = {
			isa = PBXResourcesBuildPhase;
			buildActionMask = 2147483647;
			files = (
			);
			runOnlyForDeploymentPostprocessing = 0;
		};
		A6C7C95B2124279E00525A6E /* Resources */ = {
			isa = PBXResourcesBuildPhase;
			buildActionMask = 2147483647;
			files = (
			);
			runOnlyForDeploymentPostprocessing = 0;
		};
/* End PBXResourcesBuildPhase section */

/* Begin PBXShellScriptBuildPhase section */
		788D78A05874E063BA1DF820 /* [CP] Check Pods Manifest.lock */ = {
			isa = PBXShellScriptBuildPhase;
			buildActionMask = 2147483647;
			files = (
			);
			inputPaths = (
				"${PODS_PODFILE_DIR_PATH}/Podfile.lock",
				"${PODS_ROOT}/Manifest.lock",
			);
			name = "[CP] Check Pods Manifest.lock";
			outputPaths = (
				"$(DERIVED_FILE_DIR)/Pods-fmNetworkDemo-checkManifestLockResult.txt",
			);
			runOnlyForDeploymentPostprocessing = 0;
			shellPath = /bin/sh;
			shellScript = "diff \"${PODS_PODFILE_DIR_PATH}/Podfile.lock\" \"${PODS_ROOT}/Manifest.lock\" > /dev/null\nif [ $? != 0 ] ; then\n    # print error to STDERR\n    echo \"error: The sandbox is not in sync with the Podfile.lock. Run 'pod install' or update your CocoaPods installation.\" >&2\n    exit 1\nfi\n# This output is used by Xcode 'outputs' to avoid re-running this script phase.\necho \"SUCCESS\" > \"${SCRIPT_OUTPUT_FILE_0}\"\n";
			showEnvVarsInLog = 0;
		};
		A840A62F1BBA90FFBD5B33E7 /* [CP] Embed Pods Frameworks */ = {
			isa = PBXShellScriptBuildPhase;
			buildActionMask = 2147483647;
			files = (
			);
			inputPaths = (
			);
			name = "[CP] Embed Pods Frameworks";
			outputPaths = (
			);
			runOnlyForDeploymentPostprocessing = 0;
			shellPath = /bin/sh;
			shellScript = "\"${SRCROOT}/Pods/Target Support Files/Pods-fmNetworkDemo/Pods-fmNetworkDemo-frameworks.sh\"\n";
			showEnvVarsInLog = 0;
		};
		D32AA69FBAE3A376A6131A9D /* [CP] Copy Pods Resources */ = {
			isa = PBXShellScriptBuildPhase;
			buildActionMask = 2147483647;
			files = (
			);
			inputPaths = (
			);
			name = "[CP] Copy Pods Resources";
			outputPaths = (
			);
			runOnlyForDeploymentPostprocessing = 0;
			shellPath = /bin/sh;
			shellScript = "\"${SRCROOT}/Pods/Target Support Files/Pods-fmNetworkDemo/Pods-fmNetworkDemo-resources.sh\"\n";
			showEnvVarsInLog = 0;
		};
/* End PBXShellScriptBuildPhase section */

/* Begin PBXSourcesBuildPhase section */
		A6C7C9362124279D00525A6E /* Sources */ = {
			isa = PBXSourcesBuildPhase;
			buildActionMask = 2147483647;
			files = (
				A6C7C9422124279D00525A6E /* ViewController.m in Sources */,
				A6C7C981212427AC00525A6E /* fmBaseRequest.m in Sources */,
				A6C7C982212427AC00525A6E /* fmRequest.m in Sources */,
				A6C7C987212428DD00525A6E /* fmResponseSerializer.m in Sources */,
				A6C7C97E212427AC00525A6E /* fmNetworkPrivate.m in Sources */,
				A6C7C97F212427AC00525A6E /* fmReqeustSerializer.m in Sources */,
				A6C7C94D2124279E00525A6E /* main.m in Sources */,
				A6C7C93F2124279D00525A6E /* AppDelegate.m in Sources */,
				A6C7C983212427AC00525A6E /* fmNetworkConfig.m in Sources */,
				A6C7C980212427AC00525A6E /* fmNetworkAgent.m in Sources */,
			);
			runOnlyForDeploymentPostprocessing = 0;
		};
		A6C7C94E2124279E00525A6E /* Sources */ = {
			isa = PBXSourcesBuildPhase;
			buildActionMask = 2147483647;
			files = (
			);
			runOnlyForDeploymentPostprocessing = 0;
		};
		A6C7C9592124279E00525A6E /* Sources */ = {
			isa = PBXSourcesBuildPhase;
			buildActionMask = 2147483647;
			files = (
			);
			runOnlyForDeploymentPostprocessing = 0;
		};
/* End PBXSourcesBuildPhase section */

/* Begin PBXTargetDependency section */
		A6C7C9542124279E00525A6E /* PBXTargetDependency */ = {
			isa = PBXTargetDependency;
			target = A6C7C9392124279D00525A6E /* fmNetworkDemo */;
			targetProxy = A6C7C9532124279E00525A6E /* PBXContainerItemProxy */;
		};
		A6C7C95F2124279E00525A6E /* PBXTargetDependency */ = {
			isa = PBXTargetDependency;
			target = A6C7C9392124279D00525A6E /* fmNetworkDemo */;
			targetProxy = A6C7C95E2124279E00525A6E /* PBXContainerItemProxy */;
		};
/* End PBXTargetDependency section */

/* Begin PBXVariantGroup section */
		A6C7C9432124279D00525A6E /* Main.storyboard */ = {
			isa = PBXVariantGroup;
			children = (
				A6C7C9442124279D00525A6E /* Base */,
			);
			name = Main.storyboard;
			sourceTree = "<group>";
		};
		A6C7C9482124279E00525A6E /* LaunchScreen.storyboard */ = {
			isa = PBXVariantGroup;
			children = (
				A6C7C9492124279E00525A6E /* Base */,
			);
			name = LaunchScreen.storyboard;
			sourceTree = "<group>";
		};
/* End PBXVariantGroup section */

/* Begin XCBuildConfiguration section */
		A6C7C9642124279E00525A6E /* Debug */ = {
			isa = XCBuildConfiguration;
			buildSettings = {
				ALWAYS_SEARCH_USER_PATHS = NO;
				CLANG_ANALYZER_NONNULL = YES;
				CLANG_ANALYZER_NUMBER_OBJECT_CONVERSION = YES_AGGRESSIVE;
				CLANG_CXX_LANGUAGE_STANDARD = "gnu++14";
				CLANG_CXX_LIBRARY = "libc++";
				CLANG_ENABLE_MODULES = YES;
				CLANG_ENABLE_OBJC_ARC = YES;
				CLANG_ENABLE_OBJC_WEAK = YES;
				CLANG_WARN_BLOCK_CAPTURE_AUTORELEASING = YES;
				CLANG_WARN_BOOL_CONVERSION = YES;
				CLANG_WARN_COMMA = YES;
				CLANG_WARN_CONSTANT_CONVERSION = YES;
				CLANG_WARN_DEPRECATED_OBJC_IMPLEMENTATIONS = YES;
				CLANG_WARN_DIRECT_OBJC_ISA_USAGE = YES_ERROR;
				CLANG_WARN_DOCUMENTATION_COMMENTS = YES;
				CLANG_WARN_EMPTY_BODY = YES;
				CLANG_WARN_ENUM_CONVERSION = YES;
				CLANG_WARN_INFINITE_RECURSION = YES;
				CLANG_WARN_INT_CONVERSION = YES;
				CLANG_WARN_NON_LITERAL_NULL_CONVERSION = YES;
				CLANG_WARN_OBJC_IMPLICIT_RETAIN_SELF = YES;
				CLANG_WARN_OBJC_LITERAL_CONVERSION = YES;
				CLANG_WARN_OBJC_ROOT_CLASS = YES_ERROR;
				CLANG_WARN_RANGE_LOOP_ANALYSIS = YES;
				CLANG_WARN_STRICT_PROTOTYPES = YES;
				CLANG_WARN_SUSPICIOUS_MOVE = YES;
				CLANG_WARN_UNGUARDED_AVAILABILITY = YES_AGGRESSIVE;
				CLANG_WARN_UNREACHABLE_CODE = YES;
				CLANG_WARN__DUPLICATE_METHOD_MATCH = YES;
				CODE_SIGN_IDENTITY = "iPhone Developer";
				COPY_PHASE_STRIP = NO;
				DEBUG_INFORMATION_FORMAT = dwarf;
				ENABLE_STRICT_OBJC_MSGSEND = YES;
				ENABLE_TESTABILITY = YES;
				GCC_C_LANGUAGE_STANDARD = gnu11;
				GCC_DYNAMIC_NO_PIC = NO;
				GCC_NO_COMMON_BLOCKS = YES;
				GCC_OPTIMIZATION_LEVEL = 0;
				GCC_PREPROCESSOR_DEFINITIONS = (
					"DEBUG=1",
					"$(inherited)",
				);
				GCC_WARN_64_TO_32_BIT_CONVERSION = YES;
				GCC_WARN_ABOUT_RETURN_TYPE = YES_ERROR;
				GCC_WARN_UNDECLARED_SELECTOR = YES;
				GCC_WARN_UNINITIALIZED_AUTOS = YES_AGGRESSIVE;
				GCC_WARN_UNUSED_FUNCTION = YES;
				GCC_WARN_UNUSED_VARIABLE = YES;
				IPHONEOS_DEPLOYMENT_TARGET = 11.4;
				MTL_ENABLE_DEBUG_INFO = YES;
				ONLY_ACTIVE_ARCH = YES;
				SDKROOT = iphoneos;
			};
			name = Debug;
		};
		A6C7C9652124279E00525A6E /* Release */ = {
			isa = XCBuildConfiguration;
			buildSettings = {
				ALWAYS_SEARCH_USER_PATHS = NO;
				CLANG_ANALYZER_NONNULL = YES;
				CLANG_ANALYZER_NUMBER_OBJECT_CONVERSION = YES_AGGRESSIVE;
				CLANG_CXX_LANGUAGE_STANDARD = "gnu++14";
				CLANG_CXX_LIBRARY = "libc++";
				CLANG_ENABLE_MODULES = YES;
				CLANG_ENABLE_OBJC_ARC = YES;
				CLANG_ENABLE_OBJC_WEAK = YES;
				CLANG_WARN_BLOCK_CAPTURE_AUTORELEASING = YES;
				CLANG_WARN_BOOL_CONVERSION = YES;
				CLANG_WARN_COMMA = YES;
				CLANG_WARN_CONSTANT_CONVERSION = YES;
				CLANG_WARN_DEPRECATED_OBJC_IMPLEMENTATIONS = YES;
				CLANG_WARN_DIRECT_OBJC_ISA_USAGE = YES_ERROR;
				CLANG_WARN_DOCUMENTATION_COMMENTS = YES;
				CLANG_WARN_EMPTY_BODY = YES;
				CLANG_WARN_ENUM_CONVERSION = YES;
				CLANG_WARN_INFINITE_RECURSION = YES;
				CLANG_WARN_INT_CONVERSION = YES;
				CLANG_WARN_NON_LITERAL_NULL_CONVERSION = YES;
				CLANG_WARN_OBJC_IMPLICIT_RETAIN_SELF = YES;
				CLANG_WARN_OBJC_LITERAL_CONVERSION = YES;
				CLANG_WARN_OBJC_ROOT_CLASS = YES_ERROR;
				CLANG_WARN_RANGE_LOOP_ANALYSIS = YES;
				CLANG_WARN_STRICT_PROTOTYPES = YES;
				CLANG_WARN_SUSPICIOUS_MOVE = YES;
				CLANG_WARN_UNGUARDED_AVAILABILITY = YES_AGGRESSIVE;
				CLANG_WARN_UNREACHABLE_CODE = YES;
				CLANG_WARN__DUPLICATE_METHOD_MATCH = YES;
				CODE_SIGN_IDENTITY = "iPhone Developer";
				COPY_PHASE_STRIP = NO;
				DEBUG_INFORMATION_FORMAT = "dwarf-with-dsym";
				ENABLE_NS_ASSERTIONS = NO;
				ENABLE_STRICT_OBJC_MSGSEND = YES;
				GCC_C_LANGUAGE_STANDARD = gnu11;
				GCC_NO_COMMON_BLOCKS = YES;
				GCC_WARN_64_TO_32_BIT_CONVERSION = YES;
				GCC_WARN_ABOUT_RETURN_TYPE = YES_ERROR;
				GCC_WARN_UNDECLARED_SELECTOR = YES;
				GCC_WARN_UNINITIALIZED_AUTOS = YES_AGGRESSIVE;
				GCC_WARN_UNUSED_FUNCTION = YES;
				GCC_WARN_UNUSED_VARIABLE = YES;
				IPHONEOS_DEPLOYMENT_TARGET = 11.4;
				MTL_ENABLE_DEBUG_INFO = NO;
				SDKROOT = iphoneos;
				VALIDATE_PRODUCT = YES;
			};
			name = Release;
		};
		A6C7C9672124279E00525A6E /* Debug */ = {
			isa = XCBuildConfiguration;
			baseConfigurationReference = EA8F7AF3B9232CF18D9B7289 /* Pods-fmNetworkDemo.debug.xcconfig */;
			buildSettings = {
				ASSETCATALOG_COMPILER_APPICON_NAME = AppIcon;
				CODE_SIGN_STYLE = Automatic;
				DEVELOPMENT_TEAM = QYA6ERYV5S;
				INFOPLIST_FILE = fmNetworkDemo/Info.plist;
				LD_RUNPATH_SEARCH_PATHS = (
					"$(inherited)",
					"@executable_path/Frameworks",
				);
				PRODUCT_BUNDLE_IDENTIFIER = www.kehaoran.com.fmNetworkDemo;
				PRODUCT_NAME = "$(TARGET_NAME)";
				TARGETED_DEVICE_FAMILY = "1,2";
			};
			name = Debug;
		};
		A6C7C9682124279E00525A6E /* Release */ = {
			isa = XCBuildConfiguration;
			baseConfigurationReference = 6C3A3C58CB2837B75F15FF5B /* Pods-fmNetworkDemo.release.xcconfig */;
			buildSettings = {
				ASSETCATALOG_COMPILER_APPICON_NAME = AppIcon;
				CODE_SIGN_STYLE = Automatic;
				DEVELOPMENT_TEAM = QYA6ERYV5S;
				INFOPLIST_FILE = fmNetworkDemo/Info.plist;
				LD_RUNPATH_SEARCH_PATHS = (
					"$(inherited)",
					"@executable_path/Frameworks",
				);
				PRODUCT_BUNDLE_IDENTIFIER = www.kehaoran.com.fmNetworkDemo;
				PRODUCT_NAME = "$(TARGET_NAME)";
				TARGETED_DEVICE_FAMILY = "1,2";
			};
			name = Release;
		};
		A6C7C96A2124279E00525A6E /* Debug */ = {
			isa = XCBuildConfiguration;
			buildSettings = {
				BUNDLE_LOADER = "$(TEST_HOST)";
				CODE_SIGN_STYLE = Automatic;
				DEVELOPMENT_TEAM = QYA6ERYV5S;
				INFOPLIST_FILE = fmNetworkDemoTests/Info.plist;
				LD_RUNPATH_SEARCH_PATHS = (
					"$(inherited)",
					"@executable_path/Frameworks",
					"@loader_path/Frameworks",
				);
				PRODUCT_BUNDLE_IDENTIFIER = www.kehaoran.com.fmNetworkDemoTests;
				PRODUCT_NAME = "$(TARGET_NAME)";
				TARGETED_DEVICE_FAMILY = "1,2";
				TEST_HOST = "$(BUILT_PRODUCTS_DIR)/fmNetworkDemo.app/fmNetworkDemo";
			};
			name = Debug;
		};
		A6C7C96B2124279E00525A6E /* Release */ = {
			isa = XCBuildConfiguration;
			buildSettings = {
				BUNDLE_LOADER = "$(TEST_HOST)";
				CODE_SIGN_STYLE = Automatic;
				DEVELOPMENT_TEAM = QYA6ERYV5S;
				INFOPLIST_FILE = fmNetworkDemoTests/Info.plist;
				LD_RUNPATH_SEARCH_PATHS = (
					"$(inherited)",
					"@executable_path/Frameworks",
					"@loader_path/Frameworks",
				);
				PRODUCT_BUNDLE_IDENTIFIER = www.kehaoran.com.fmNetworkDemoTests;
				PRODUCT_NAME = "$(TARGET_NAME)";
				TARGETED_DEVICE_FAMILY = "1,2";
				TEST_HOST = "$(BUILT_PRODUCTS_DIR)/fmNetworkDemo.app/fmNetworkDemo";
			};
			name = Release;
		};
		A6C7C96D2124279E00525A6E /* Debug */ = {
			isa = XCBuildConfiguration;
			buildSettings = {
				CODE_SIGN_STYLE = Automatic;
				DEVELOPMENT_TEAM = QYA6ERYV5S;
				INFOPLIST_FILE = fmNetworkDemoUITests/Info.plist;
				LD_RUNPATH_SEARCH_PATHS = (
					"$(inherited)",
					"@executable_path/Frameworks",
					"@loader_path/Frameworks",
				);
				PRODUCT_BUNDLE_IDENTIFIER = www.kehaoran.com.fmNetworkDemoUITests;
				PRODUCT_NAME = "$(TARGET_NAME)";
				TARGETED_DEVICE_FAMILY = "1,2";
				TEST_TARGET_NAME = fmNetworkDemo;
			};
			name = Debug;
		};
		A6C7C96E2124279E00525A6E /* Release */ = {
			isa = XCBuildConfiguration;
			buildSettings = {
				CODE_SIGN_STYLE = Automatic;
				DEVELOPMENT_TEAM = QYA6ERYV5S;
				INFOPLIST_FILE = fmNetworkDemoUITests/Info.plist;
				LD_RUNPATH_SEARCH_PATHS = (
					"$(inherited)",
					"@executable_path/Frameworks",
					"@loader_path/Frameworks",
				);
				PRODUCT_BUNDLE_IDENTIFIER = www.kehaoran.com.fmNetworkDemoUITests;
				PRODUCT_NAME = "$(TARGET_NAME)";
				TARGETED_DEVICE_FAMILY = "1,2";
				TEST_TARGET_NAME = fmNetworkDemo;
			};
			name = Release;
		};
/* End XCBuildConfiguration section */

/* Begin XCConfigurationList section */
		A6C7C9352124279D00525A6E /* Build configuration list for PBXProject "fmNetworkDemo" */ = {
			isa = XCConfigurationList;
			buildConfigurations = (
				A6C7C9642124279E00525A6E /* Debug */,
				A6C7C9652124279E00525A6E /* Release */,
			);
			defaultConfigurationIsVisible = 0;
			defaultConfigurationName = Release;
		};
		A6C7C9662124279E00525A6E /* Build configuration list for PBXNativeTarget "fmNetworkDemo" */ = {
			isa = XCConfigurationList;
			buildConfigurations = (
				A6C7C9672124279E00525A6E /* Debug */,
				A6C7C9682124279E00525A6E /* Release */,
			);
			defaultConfigurationIsVisible = 0;
			defaultConfigurationName = Release;
		};
		A6C7C9692124279E00525A6E /* Build configuration list for PBXNativeTarget "fmNetworkDemoTests" */ = {
			isa = XCConfigurationList;
			buildConfigurations = (
				A6C7C96A2124279E00525A6E /* Debug */,
				A6C7C96B2124279E00525A6E /* Release */,
			);
			defaultConfigurationIsVisible = 0;
			defaultConfigurationName = Release;
		};
		A6C7C96C2124279E00525A6E /* Build configuration list for PBXNativeTarget "fmNetworkDemoUITests" */ = {
			isa = XCConfigurationList;
			buildConfigurations = (
				A6C7C96D2124279E00525A6E /* Debug */,
				A6C7C96E2124279E00525A6E /* Release */,
			);
			defaultConfigurationIsVisible = 0;
			defaultConfigurationName = Release;
		};
/* End XCConfigurationList section */
	};
	rootObject = A6C7C9322124279D00525A6E /* Project object */;
}
